
Microsoft Visual Studio Solution File, Format Version 12.00
# Visual Studio Version 17
VisualStudioVersion = 17.3.32825.248
MinimumVisualStudioVersion = 10.0.40219.1
Project("{FAE04EC0-301F-11D3-BF4B-00C04F79EFBC}") = "Connectivity Pro", "Connectivity Pro\Connectivity Pro.csproj", "{3FCE793F-AB77-44D0-A064-4C97737568FB}"
EndProject
Global
	GlobalSection(SolutionConfigurationPlatforms) = preSolution
		Debug|Any CPU = Debug|Any CPU
		Release|Any CPU = Release|Any CPU
	EndGlobalSection
	GlobalSection(ProjectConfigurationPlatforms) = postSolution
		{3FCE793F-AB77-44D0-A064-4C97737568FB}.Debug|Any CPU.ActiveCfg = Debug|Any CPU
		{3FCE793F-AB77-44D0-A064-4C97737568FB}.Debug|Any CPU.Build.0 = Debug|Any CPU
		{3FCE793F-AB77-44D0-A064-4C97737568FB}.Release|Any CPU.ActiveCfg = Release|Any CPU
		{3FCE793F-AB77-44D0-A064-4C97737568FB}.Release|Any CPU.Build.0 = Release|Any CPU
	EndGlobalSection
	GlobalSection(SolutionProperties) = preSolution
		HideSolutionNode = FALSE
	EndGlobalSection
	GlobalSection(ExtensibilityGlobals) = postSolution
		SolutionGuid = {0F61D229-AEC4-4D71-B85C-D5583A039F3E}
	EndGlobalSection
EndGlobal
